
Microsoft Visual Studio Solution File, Format Version 12.00
# Visual Studio Version 17
VisualStudioVersion = 17.10.34607.79
MinimumVisualStudioVersion = 10.0.40219.1
Project("{FAE04EC0-301F-11D3-BF4B-00C04F79EFBC}") = "ASPTask2", "Task2\ASPTask2.csproj", "{36D62521-996D-4E16-A738-EB5C782120AD}"
EndProject
Global
	GlobalSection(SolutionConfigurationPlatforms) = preSolution
		Debug|Any CPU = Debug|Any CPU
		Release|Any CPU = Release|Any CPU
	EndGlobalSection
	GlobalSection(ProjectConfigurationPlatforms) = postSolution
		{36D62521-996D-4E16-A738-EB5C782120AD}.Debug|Any CPU.ActiveCfg = Debug|Any CPU
		{36D62521-996D-4E16-A738-EB5C782120AD}.Debug|Any CPU.Build.0 = Debug|Any CPU
		{36D62521-996D-4E16-A738-EB5C782120AD}.Release|Any CPU.ActiveCfg = Release|Any CPU
		{36D62521-996D-4E16-A738-EB5C782120AD}.Release|Any CPU.Build.0 = Release|Any CPU
	EndGlobalSection
	GlobalSection(SolutionProperties) = preSolution
		HideSolutionNode = FALSE
	EndGlobalSection
	GlobalSection(ExtensibilityGlobals) = postSolution
		SolutionGuid = {AAB4F4A3-5AEB-4D5F-BD86-EF0D7636F0FC}
	EndGlobalSection
EndGlobal
